# THIS IS AN AUTOGENERATED FILE. DO NOT EDIT THIS FILE DIRECTLY.
# yarn lockfile v1


fuse.js@^3.2.0:
  version "3.4.5"
  resolved "https://registry.yarnpkg.com/fuse.js/-/fuse.js-3.4.5.tgz#8954fb43f9729bd5dbcb8c08f251db552595a7a6"
  integrity sha512-s9PGTaQIkT69HaeoTVjwGsLfb8V8ScJLx5XGFcKHg0MqLUH/UZ4EKOtqtXX9k7AFqCGxD1aJmYb8Q5VYDibVRQ==

vue-fuse@^2.1.0:
  version "2.1.0"
  resolved "https://registry.yarnpkg.com/vue-fuse/-/vue-fuse-2.1.0.tgz#a8e785cbb80d216d99cf652f32d3cdad243a15df"
  integrity sha512-hx4QZkeIATmFlKyq6QSWcFFHPJC0vmsusnZP1GkBSEXh1eH7WV8Pde9O0XFvXWIzCH4Dr+Dox25EKu+iAy4bSg==
  dependencies:
    fuse.js "^3.2.0"
